{
  "name": "nodejs",
  "version": "1.0.0",
  "lockfileVersion": 3,
  "requires": true,
  "packages": {
    "": {
      "name": "nodejs",
      "version": "1.0.0",
      "license": "ISC",
      "dependencies": {
        "zodiac-signs": "^1.5.0"
      }
    },
    "node_modules/zodiac-signs": {
      "version": "1.5.0",
      "resolved": "https://registry.npmjs.org/zodiac-signs/-/zodiac-signs-1.5.0.tgz",
      "integrity": "sha512-lcZOxb4/7LR2Np+fsuHPzIg43D0PQ9bta8Dm8aT2MphW7YD9UeFSy1eXNkkHIehTqqQEUAKksSNochwEFsA/ew==",
      "license": "MIT"
    }
  }
}
